
Microsoft Visual Studio Solution File, Format Version 12.00
# Visual Studio Version 16
VisualStudioVersion = 16.0.31019.35
MinimumVisualStudioVersion = 10.0.40219.1
Project("{FAE04EC0-301F-11D3-BF4B-00C04F79EFBC}") = "DTO", "DTO\DTO.csproj", "{67E93A29-156E-4201-9350-C790EBA14328}"
EndProject
Project("{FAE04EC0-301F-11D3-BF4B-00C04F79EFBC}") = "BUS", "BUS\BUS.csproj", "{44F0EB6C-7E18-48B3-995F-99BD526C12FB}"
EndProject
Project("{FAE04EC0-301F-11D3-BF4B-00C04F79EFBC}") = "GUI", "GUI\GUI.csproj", "{D6D50E89-92A9-406F-AEB8-0DE342286D47}"
EndProject
Global
	GlobalSection(SolutionConfigurationPlatforms) = preSolution
		Debug|Any CPU = Debug|Any CPU
		Release|Any CPU = Release|Any CPU
	EndGlobalSection
	GlobalSection(ProjectConfigurationPlatforms) = postSolution
		{67E93A29-156E-4201-9350-C790EBA14328}.Debug|Any CPU.ActiveCfg = Debug|Any CPU
		{67E93A29-156E-4201-9350-C790EBA14328}.Debug|Any CPU.Build.0 = Debug|Any CPU
		{67E93A29-156E-4201-9350-C790EBA14328}.Release|Any CPU.ActiveCfg = Release|Any CPU
		{67E93A29-156E-4201-9350-C790EBA14328}.Release|Any CPU.Build.0 = Release|Any CPU
		{44F0EB6C-7E18-48B3-995F-99BD526C12FB}.Debug|Any CPU.ActiveCfg = Debug|Any CPU
		{44F0EB6C-7E18-48B3-995F-99BD526C12FB}.Debug|Any CPU.Build.0 = Debug|Any CPU
		{44F0EB6C-7E18-48B3-995F-99BD526C12FB}.Release|Any CPU.ActiveCfg = Release|Any CPU
		{44F0EB6C-7E18-48B3-995F-99BD526C12FB}.Release|Any CPU.Build.0 = Release|Any CPU
		{D6D50E89-92A9-406F-AEB8-0DE342286D47}.Debug|Any CPU.ActiveCfg = Debug|Any CPU
		{D6D50E89-92A9-406F-AEB8-0DE342286D47}.Debug|Any CPU.Build.0 = Debug|Any CPU
		{D6D50E89-92A9-406F-AEB8-0DE342286D47}.Release|Any CPU.ActiveCfg = Release|Any CPU
		{D6D50E89-92A9-406F-AEB8-0DE342286D47}.Release|Any CPU.Build.0 = Release|Any CPU
	EndGlobalSection
	GlobalSection(SolutionProperties) = preSolution
		HideSolutionNode = FALSE
	EndGlobalSection
	GlobalSection(ExtensibilityGlobals) = postSolution
		SolutionGuid = {BE16527E-1EFD-4730-9529-36C5D0D1A75A}
	EndGlobalSection
EndGlobal
